
Microsoft Visual Studio Solution File, Format Version 12.00
# Visual Studio Version 16
VisualStudioVersion = 16.0.31005.135
MinimumVisualStudioVersion = 10.0.40219.1
Project("{FAE04EC0-301F-11D3-BF4B-00C04F79EFBC}") = "edu-services", "edu-services.csproj", "{B0DE4374-5EB0-4F13-B1C7-F9F8E8B4318C}"
EndProject
Global
	GlobalSection(SolutionConfigurationPlatforms) = preSolution
		Debug|Any CPU = Debug|Any CPU
		Release|Any CPU = Release|Any CPU
	EndGlobalSection
	GlobalSection(ProjectConfigurationPlatforms) = postSolution
		{B0DE4374-5EB0-4F13-B1C7-F9F8E8B4318C}.Debug|Any CPU.ActiveCfg = Debug|Any CPU
		{B0DE4374-5EB0-4F13-B1C7-F9F8E8B4318C}.Debug|Any CPU.Build.0 = Debug|Any CPU
		{B0DE4374-5EB0-4F13-B1C7-F9F8E8B4318C}.Release|Any CPU.ActiveCfg = Release|Any CPU
		{B0DE4374-5EB0-4F13-B1C7-F9F8E8B4318C}.Release|Any CPU.Build.0 = Release|Any CPU
		{9E5999A4-F5C2-48BA-AE3B-60167F89A47C}.Debug|Any CPU.ActiveCfg = Debug|Any CPU
		{9E5999A4-F5C2-48BA-AE3B-60167F89A47C}.Debug|Any CPU.Build.0 = Debug|Any CPU
		{9E5999A4-F5C2-48BA-AE3B-60167F89A47C}.Release|Any CPU.ActiveCfg = Release|Any CPU
		{9E5999A4-F5C2-48BA-AE3B-60167F89A47C}.Release|Any CPU.Build.0 = Release|Any CPU
		{6EC949DE-9A98-4374-BC06-C33E7AD43593}.Debug|Any CPU.ActiveCfg = Debug|Any CPU
		{6EC949DE-9A98-4374-BC06-C33E7AD43593}.Debug|Any CPU.Build.0 = Debug|Any CPU
		{6EC949DE-9A98-4374-BC06-C33E7AD43593}.Release|Any CPU.ActiveCfg = Release|Any CPU
		{6EC949DE-9A98-4374-BC06-C33E7AD43593}.Release|Any CPU.Build.0 = Release|Any CPU
	EndGlobalSection
	GlobalSection(SolutionProperties) = preSolution
		HideSolutionNode = FALSE
	EndGlobalSection
	GlobalSection(ExtensibilityGlobals) = postSolution
		SolutionGuid = {2E4F2D3B-64D3-420F-83C6-09E27ACB3C96}
	EndGlobalSection
EndGlobal
